
Microsoft Visual Studio Solution File, Format Version 12.00
# Visual Studio Version 17
VisualStudioVersion = 17.9.34728.123
MinimumVisualStudioVersion = 10.0.40219.1
Project("{FAE04EC0-301F-11D3-BF4B-00C04F79EFBC}") = "ResortManagement.Web", "ResortManagement.Web\ResortManagement.Web.csproj", "{E7070739-121A-4AEA-A667-F7E443CF3105}"
EndProject
Global
	GlobalSection(SolutionConfigurationPlatforms) = preSolution
		Debug|Any CPU = Debug|Any CPU
		Release|Any CPU = Release|Any CPU
	EndGlobalSection
	GlobalSection(ProjectConfigurationPlatforms) = postSolution
		{E7070739-121A-4AEA-A667-F7E443CF3105}.Debug|Any CPU.ActiveCfg = Debug|Any CPU
		{E7070739-121A-4AEA-A667-F7E443CF3105}.Debug|Any CPU.Build.0 = Debug|Any CPU
		{E7070739-121A-4AEA-A667-F7E443CF3105}.Release|Any CPU.ActiveCfg = Release|Any CPU
		{E7070739-121A-4AEA-A667-F7E443CF3105}.Release|Any CPU.Build.0 = Release|Any CPU
	EndGlobalSection
	GlobalSection(SolutionProperties) = preSolution
		HideSolutionNode = FALSE
	EndGlobalSection
	GlobalSection(ExtensibilityGlobals) = postSolution
		SolutionGuid = {C3EEE766-FD9E-4B19-A380-A2C33EC29525}
	EndGlobalSection
EndGlobal
